Microsoft Visual Studio Solution File, Format Version 12.00
# Visual Studio Version 17
VisualStudioVersion = 17.5.2.0
MinimumVisualStudioVersion = 10.0.40219.1
Project("{FAE04EC0-301F-11D3-BF4B-00C04F79EFBC}") = "filter_core", "filter_core.csproj", "{22924FC8-4EFF-8C01-3543-05DF1F01C510}"
EndProject
Global
	GlobalSection(SolutionConfigurationPlatforms) = preSolution
		Debug|Any CPU = Debug|Any CPU
		Release|Any CPU = Release|Any CPU
	EndGlobalSection
	GlobalSection(ProjectConfigurationPlatforms) = postSolution
		{22924FC8-4EFF-8C01-3543-05DF1F01C510}.Debug|Any CPU.ActiveCfg = Debug|Any CPU
		{22924FC8-4EFF-8C01-3543-05DF1F01C510}.Debug|Any CPU.Build.0 = Debug|Any CPU
		{22924FC8-4EFF-8C01-3543-05DF1F01C510}.Release|Any CPU.ActiveCfg = Release|Any CPU
		{22924FC8-4EFF-8C01-3543-05DF1F01C510}.Release|Any CPU.Build.0 = Release|Any CPU
	EndGlobalSection
	GlobalSection(SolutionProperties) = preSolution
		HideSolutionNode = FALSE
	EndGlobalSection
	GlobalSection(ExtensibilityGlobals) = postSolution
		SolutionGuid = {2A0C1549-0B62-4B35-BC56-E207E8A39AA0}
	EndGlobalSection
EndGlobal
